
Microsoft Visual Studio Solution File, Format Version 12.00
Project("{FAE04EC0-301F-11D3-BF4B-00C04F79EFBC}") = "VoronoiDiagramLib", "VoronoiDiagramLib\VoronoiDiagramLib.csproj", "{C630E34E-4069-4DCA-A101-B4F937CDD45A}"
EndProject
Project("{FAE04EC0-301F-11D3-BF4B-00C04F79EFBC}") = "PriorityQueue", "PriorityQueue\PriorityQueue.csproj", "{B79339BC-05BB-4883-8779-79DBCE4BCE15}"
EndProject
Project("{FAE04EC0-301F-11D3-BF4B-00C04F79EFBC}") = "Test", "Test\Test.csproj", "{80C79C88-B12B-4663-982C-EE1CED5A7C9E}"
EndProject
Global
	GlobalSection(SolutionConfigurationPlatforms) = preSolution
		Debug|Any CPU = Debug|Any CPU
		Release|Any CPU = Release|Any CPU
	EndGlobalSection
	GlobalSection(ProjectConfigurationPlatforms) = postSolution
		{C630E34E-4069-4DCA-A101-B4F937CDD45A}.Debug|Any CPU.ActiveCfg = Debug|Any CPU
		{C630E34E-4069-4DCA-A101-B4F937CDD45A}.Debug|Any CPU.Build.0 = Debug|Any CPU
		{C630E34E-4069-4DCA-A101-B4F937CDD45A}.Release|Any CPU.ActiveCfg = Release|Any CPU
		{C630E34E-4069-4DCA-A101-B4F937CDD45A}.Release|Any CPU.Build.0 = Release|Any CPU
		{B79339BC-05BB-4883-8779-79DBCE4BCE15}.Debug|Any CPU.ActiveCfg = Debug|Any CPU
		{B79339BC-05BB-4883-8779-79DBCE4BCE15}.Debug|Any CPU.Build.0 = Debug|Any CPU
		{B79339BC-05BB-4883-8779-79DBCE4BCE15}.Release|Any CPU.ActiveCfg = Release|Any CPU
		{B79339BC-05BB-4883-8779-79DBCE4BCE15}.Release|Any CPU.Build.0 = Release|Any CPU
		{80C79C88-B12B-4663-982C-EE1CED5A7C9E}.Debug|Any CPU.ActiveCfg = Debug|Any CPU
		{80C79C88-B12B-4663-982C-EE1CED5A7C9E}.Debug|Any CPU.Build.0 = Debug|Any CPU
		{80C79C88-B12B-4663-982C-EE1CED5A7C9E}.Release|Any CPU.ActiveCfg = Release|Any CPU
		{80C79C88-B12B-4663-982C-EE1CED5A7C9E}.Release|Any CPU.Build.0 = Release|Any CPU
	EndGlobalSection
EndGlobal
